
Microsoft Visual Studio Solution File, Format Version 12.00
# Visual Studio 15
VisualStudioVersion = 15.0.28307.136
MinimumVisualStudioVersion = 10.0.40219.1
Project("{FAE04EC0-301F-11D3-BF4B-00C04F79EFBC}") = "Fibonacci", "Fibonacci\Fibonacci.csproj", "{8E64044F-1606-4915-9B02-12CE2E554404}"
EndProject
Global
	GlobalSection(SolutionConfigurationPlatforms) = preSolution
		Debug|Any CPU = Debug|Any CPU
		Release|Any CPU = Release|Any CPU
	EndGlobalSection
	GlobalSection(ProjectConfigurationPlatforms) = postSolution
		{8E64044F-1606-4915-9B02-12CE2E554404}.Debug|Any CPU.ActiveCfg = Debug|Any CPU
		{8E64044F-1606-4915-9B02-12CE2E554404}.Debug|Any CPU.Build.0 = Debug|Any CPU
		{8E64044F-1606-4915-9B02-12CE2E554404}.Release|Any CPU.ActiveCfg = Release|Any CPU
		{8E64044F-1606-4915-9B02-12CE2E554404}.Release|Any CPU.Build.0 = Release|Any CPU
	EndGlobalSection
	GlobalSection(SolutionProperties) = preSolution
		HideSolutionNode = FALSE
	EndGlobalSection
	GlobalSection(ExtensibilityGlobals) = postSolution
		SolutionGuid = {336151F1-ED43-4431-BFB5-DA58641E4E0D}
	EndGlobalSection
EndGlobal
